
Microsoft Visual Studio Solution File, Format Version 12.00
# Visual Studio 15
VisualStudioVersion = 15.0.28307.489
MinimumVisualStudioVersion = 10.0.40219.1
Project("{9A19103F-16F7-4668-BE54-9A1E7A4F7556}") = "01.EvenNumbersThread", "01.EvenNumbersThread\01.EvenNumbersThread.csproj", "{5F762124-BC98-4BF4-ADA8-079F605A7D3A}"
EndProject
Project("{FAE04EC0-301F-11D3-BF4B-00C04F79EFBC}") = "02.SliceFile", "02.SliceFile\02.SliceFile.csproj", "{27E78384-57B3-4D3B-8D44-029C06E6BC25}"
EndProject
Project("{FAE04EC0-301F-11D3-BF4B-00C04F79EFBC}") = "03.SimpleWebServer", "03.SimpleWebServer\03.SimpleWebServer.csproj", "{89CD5B3B-99EF-4518-A9A9-D3353215664D}"
EndProject
Project("{FAE04EC0-301F-11D3-BF4B-00C04F79EFBC}") = "TestAsyncAwait", "TestAsyncAwait\TestAsyncAwait.csproj", "{302D8436-F472-4CAB-88C2-1B4380BDC0F4}"
EndProject
Project("{FAE04EC0-301F-11D3-BF4B-00C04F79EFBC}") = "Test", "Test\Test.csproj", "{14D010FD-0CA7-4376-8973-CD34E7C255CD}"
EndProject
Global
	GlobalSection(SolutionConfigurationPlatforms) = preSolution
		Debug|Any CPU = Debug|Any CPU
		Release|Any CPU = Release|Any CPU
	EndGlobalSection
	GlobalSection(ProjectConfigurationPlatforms) = postSolution
		{5F762124-BC98-4BF4-ADA8-079F605A7D3A}.Debug|Any CPU.ActiveCfg = Debug|Any CPU
		{5F762124-BC98-4BF4-ADA8-079F605A7D3A}.Debug|Any CPU.Build.0 = Debug|Any CPU
		{5F762124-BC98-4BF4-ADA8-079F605A7D3A}.Release|Any CPU.ActiveCfg = Release|Any CPU
		{5F762124-BC98-4BF4-ADA8-079F605A7D3A}.Release|Any CPU.Build.0 = Release|Any CPU
		{27E78384-57B3-4D3B-8D44-029C06E6BC25}.Debug|Any CPU.ActiveCfg = Debug|Any CPU
		{27E78384-57B3-4D3B-8D44-029C06E6BC25}.Debug|Any CPU.Build.0 = Debug|Any CPU
		{27E78384-57B3-4D3B-8D44-029C06E6BC25}.Release|Any CPU.ActiveCfg = Release|Any CPU
		{27E78384-57B3-4D3B-8D44-029C06E6BC25}.Release|Any CPU.Build.0 = Release|Any CPU
		{89CD5B3B-99EF-4518-A9A9-D3353215664D}.Debug|Any CPU.ActiveCfg = Debug|Any CPU
		{89CD5B3B-99EF-4518-A9A9-D3353215664D}.Debug|Any CPU.Build.0 = Debug|Any CPU
		{89CD5B3B-99EF-4518-A9A9-D3353215664D}.Release|Any CPU.ActiveCfg = Release|Any CPU
		{89CD5B3B-99EF-4518-A9A9-D3353215664D}.Release|Any CPU.Build.0 = Release|Any CPU
		{302D8436-F472-4CAB-88C2-1B4380BDC0F4}.Debug|Any CPU.ActiveCfg = Debug|Any CPU
		{302D8436-F472-4CAB-88C2-1B4380BDC0F4}.Debug|Any CPU.Build.0 = Debug|Any CPU
		{302D8436-F472-4CAB-88C2-1B4380BDC0F4}.Release|Any CPU.ActiveCfg = Release|Any CPU
		{302D8436-F472-4CAB-88C2-1B4380BDC0F4}.Release|Any CPU.Build.0 = Release|Any CPU
		{14D010FD-0CA7-4376-8973-CD34E7C255CD}.Debug|Any CPU.ActiveCfg = Debug|Any CPU
		{14D010FD-0CA7-4376-8973-CD34E7C255CD}.Debug|Any CPU.Build.0 = Debug|Any CPU
		{14D010FD-0CA7-4376-8973-CD34E7C255CD}.Release|Any CPU.ActiveCfg = Release|Any CPU
		{14D010FD-0CA7-4376-8973-CD34E7C255CD}.Release|Any CPU.Build.0 = Release|Any CPU
	EndGlobalSection
	GlobalSection(SolutionProperties) = preSolution
		HideSolutionNode = FALSE
	EndGlobalSection
	GlobalSection(ExtensibilityGlobals) = postSolution
		SolutionGuid = {7121AA5E-27FC-4F5F-A0D2-BEB75B478F51}
	EndGlobalSection
EndGlobal
