
Microsoft Visual Studio Solution File, Format Version 12.00
# Visual Studio 15
VisualStudioVersion = 15.0.28307.489
MinimumVisualStudioVersion = 10.0.40219.1
Project("{FAE04EC0-301F-11D3-BF4B-00C04F79EFBC}") = "01.URLDecode", "01.URLDecode\01.URLDecode.csproj", "{00CD038F-7580-4176-8B54-A66D1435D9BF}"
EndProject
Project("{FAE04EC0-301F-11D3-BF4B-00C04F79EFBC}") = "02.ValidateURL", "02.ValidateURL\02.ValidateURL.csproj", "{837AE49A-841A-4331-BFC5-B08A2AE919EF}"
EndProject
Project("{FAE04EC0-301F-11D3-BF4B-00C04F79EFBC}") = "03.RequestParser", "03.RequestParser\03.RequestParser.csproj", "{F623BC18-5D0F-4240-A65B-D63D5B32F391}"
EndProject
Global
	GlobalSection(SolutionConfigurationPlatforms) = preSolution
		Debug|Any CPU = Debug|Any CPU
		Release|Any CPU = Release|Any CPU
	EndGlobalSection
	GlobalSection(ProjectConfigurationPlatforms) = postSolution
		{00CD038F-7580-4176-8B54-A66D1435D9BF}.Debug|Any CPU.ActiveCfg = Debug|Any CPU
		{00CD038F-7580-4176-8B54-A66D1435D9BF}.Debug|Any CPU.Build.0 = Debug|Any CPU
		{00CD038F-7580-4176-8B54-A66D1435D9BF}.Release|Any CPU.ActiveCfg = Release|Any CPU
		{00CD038F-7580-4176-8B54-A66D1435D9BF}.Release|Any CPU.Build.0 = Release|Any CPU
		{837AE49A-841A-4331-BFC5-B08A2AE919EF}.Debug|Any CPU.ActiveCfg = Debug|Any CPU
		{837AE49A-841A-4331-BFC5-B08A2AE919EF}.Debug|Any CPU.Build.0 = Debug|Any CPU
		{837AE49A-841A-4331-BFC5-B08A2AE919EF}.Release|Any CPU.ActiveCfg = Release|Any CPU
		{837AE49A-841A-4331-BFC5-B08A2AE919EF}.Release|Any CPU.Build.0 = Release|Any CPU
		{F623BC18-5D0F-4240-A65B-D63D5B32F391}.Debug|Any CPU.ActiveCfg = Debug|Any CPU
		{F623BC18-5D0F-4240-A65B-D63D5B32F391}.Debug|Any CPU.Build.0 = Debug|Any CPU
		{F623BC18-5D0F-4240-A65B-D63D5B32F391}.Release|Any CPU.ActiveCfg = Release|Any CPU
		{F623BC18-5D0F-4240-A65B-D63D5B32F391}.Release|Any CPU.Build.0 = Release|Any CPU
	EndGlobalSection
	GlobalSection(SolutionProperties) = preSolution
		HideSolutionNode = FALSE
	EndGlobalSection
	GlobalSection(ExtensibilityGlobals) = postSolution
		SolutionGuid = {E3E3756B-8695-4E45-904A-47E8E6A55E61}
	EndGlobalSection
EndGlobal
